<?xml version="1.0" encoding="utf-8"?>
<Project ToolsVersion="4.0" xmlns="http://schemas.microsoft.com/developer/msbuild/2003">
  <ItemGroup>
    <Filter Include="collision">
      <UniqueIdentifier>{238A5ECB-9EEC-A846-5837-2247AF29A414}</UniqueIdentifier>
    </Filter>
    <Filter Include="gameobject">
      <UniqueIdentifier>{5242FE77-4E2F-0251-6545-8111A6DB2382}</UniqueIdentifier>
    </Filter>
    <Filter Include="gameobject\component">
      <UniqueIdentifier>{27DE8F67-50F5-62C8-3050-C8AD830AB54F}</UniqueIdentifier>
    </Filter>
    <Filter Include="gameobject\component\action">
      <UniqueIdentifier>{FC3F862F-77E3-D871-89DA-01F2AD6F1555}</UniqueIdentifier>
    </Filter>
    <Filter Include="gameobject\component\action\common">
      <UniqueIdentifier>{53C6C3B6-B541-9B75-5C99-ACB29017302B}</UniqueIdentifier>
    </Filter>
    <Filter Include="resources">
      <UniqueIdentifier>{C758B555-82EF-6E0E-00E5-993B9E55D93B}</UniqueIdentifier>
    </Filter>
    <Filter Include="Resources">
      <UniqueIdentifier>{C250CFDD-9492-41D4-4F3F-7C1BBC892CB5}</UniqueIdentifier>
    </Filter>
    <Filter Include="Resources\shaders">
      <UniqueIdentifier>{2E181770-B06F-7BBB-B84B-996D35E442E5}</UniqueIdentifier>
    </Filter>
    <Filter Include="scene">
      <UniqueIdentifier>{4B607F1E-4186-DE5A-94E1-5FEF8627609B}</UniqueIdentifier>
    </Filter>
    <Filter Include="scene\debug">
      <UniqueIdentifier>{6E9A3A04-7520-F685-1633-A6DA8AC323DB}</UniqueIdentifier>
    </Filter>
    <Filter Include="scene\play">
      <UniqueIdentifier>{14975470-86C4-D18B-27AB-5E9361D090E7}</UniqueIdentifier>
    </Filter>
    <Filter Include="scene\play\title">
      <UniqueIdentifier>{10579E04-AA6D-ABB6-07A8-40C40F20C526}</UniqueIdentifier>
    </Filter>
  </ItemGroup>
  <ItemGroup>
    <ClCompile Include="gameobject\component\action\common\PhysicsComponent.cpp">
      <Filter>gameobject\component\action\common</Filter>
    </ClCompile>
    <ClCompile Include="gameobject\component\action\common\StatusComponent.cpp">
      <Filter>gameobject\component\action\common</Filter>
    </ClCompile>
    <ClCompile Include="main.cpp" />
    <ClCompile Include="resources\LoadGameResources.cpp">
      <Filter>resources</Filter>
    </ClCompile>
    <ClCompile Include="scene\debug\ParticleTestScene.cpp">
      <Filter>scene\debug</Filter>
    </ClCompile>
    <ClCompile Include="scene\play\title\TitleScene.cpp">
      <Filter>scene\play\title</Filter>
    </ClCompile>
  </ItemGroup>
  <ItemGroup>
    <ClInclude Include="collision\CollisionLayer.h">
      <Filter>collision</Filter>
    </ClInclude>
    <ClInclude Include="gameobject\component\action\common\PhysicsComponent.h">
      <Filter>gameobject\component\action\common</Filter>
    </ClInclude>
    <ClInclude Include="gameobject\component\action\common\StatusComponent.h">
      <Filter>gameobject\component\action\common</Filter>
    </ClInclude>
    <ClInclude Include="gameobject\GameObjectTag.h">
      <Filter>gameobject</Filter>
    </ClInclude>
    <ClInclude Include="scene\debug\ParticleTestScene.h">
      <Filter>scene\debug</Filter>
    </ClInclude>
    <ClInclude Include="scene\play\title\TitleScene.h">
      <Filter>scene\play\title</Filter>
    </ClInclude>
  </ItemGroup>
  <ItemGroup>
    <FxCompile Include="Resources\shaders\Object3d.PS.hlsl">
      <Filter>Resources\shaders</Filter>
    </FxCompile>
    <FxCompile Include="Resources\shaders\Object3d.Vs.hlsl">
      <Filter>Resources\shaders</Filter>
    </FxCompile>
    <FxCompile Include="Resources\shaders\Skybox.PS.hlsl">
      <Filter>Resources\shaders</Filter>
    </FxCompile>
    <FxCompile Include="Resources\shaders\Skybox.VS.hlsl">
      <Filter>Resources\shaders</Filter>
    </FxCompile>
  </ItemGroup>
  <ItemGroup>
    <None Include="Resources\shaders\Line.hlsli">
      <Filter>Resources\shaders</Filter>
    </None>
    <None Include="Resources\shaders\Object3d.hlsli">
      <Filter>Resources\shaders</Filter>
    </None>
    <None Include="Resources\shaders\Particle.hlsli">
      <Filter>Resources\shaders</Filter>
    </None>
    <None Include="Resources\shaders\Skybox.hlsli">
      <Filter>Resources\shaders</Filter>
    </None>
    <None Include="Resources\shaders\Sprite.hlsli">
      <Filter>Resources\shaders</Filter>
    </None>
  </ItemGroup>
</Project>
